
Microsoft Visual Studio Solution File, Format Version 12.00
# Visual Studio Version 17
VisualStudioVersion = 17.5.33502.453
MinimumVisualStudioVersion = 10.0.40219.1
Project("{FAE04EC0-301F-11D3-BF4B-00C04F79EFBC}") = "Backend", "Backend\Backend.csproj", "{9AB30037-A248-40F8-AE52-8CB4A3B26F7A}"
EndProject
Project("{FAE04EC0-301F-11D3-BF4B-00C04F79EFBC}") = "WpfApp1", "WpfApp1\WpfApp1.csproj", "{E2D65263-D227-4684-81D7-A2C71E7A0C65}"
EndProject
Global
	GlobalSection(SolutionConfigurationPlatforms) = preSolution
		Debug|Any CPU = Debug|Any CPU
		Release|Any CPU = Release|Any CPU
	EndGlobalSection
	GlobalSection(ProjectConfigurationPlatforms) = postSolution
		{9AB30037-A248-40F8-AE52-8CB4A3B26F7A}.Debug|Any CPU.ActiveCfg = Debug|Any CPU
		{9AB30037-A248-40F8-AE52-8CB4A3B26F7A}.Debug|Any CPU.Build.0 = Debug|Any CPU
		{9AB30037-A248-40F8-AE52-8CB4A3B26F7A}.Release|Any CPU.ActiveCfg = Release|Any CPU
		{9AB30037-A248-40F8-AE52-8CB4A3B26F7A}.Release|Any CPU.Build.0 = Release|Any CPU
		{E2D65263-D227-4684-81D7-A2C71E7A0C65}.Debug|Any CPU.ActiveCfg = Debug|Any CPU
		{E2D65263-D227-4684-81D7-A2C71E7A0C65}.Debug|Any CPU.Build.0 = Debug|Any CPU
		{E2D65263-D227-4684-81D7-A2C71E7A0C65}.Release|Any CPU.ActiveCfg = Release|Any CPU
		{E2D65263-D227-4684-81D7-A2C71E7A0C65}.Release|Any CPU.Build.0 = Release|Any CPU
	EndGlobalSection
	GlobalSection(SolutionProperties) = preSolution
		HideSolutionNode = FALSE
	EndGlobalSection
	GlobalSection(ExtensibilityGlobals) = postSolution
		SolutionGuid = {2AD5983F-408D-4DF4-BFA6-689859669590}
	EndGlobalSection
EndGlobal
